
Microsoft Visual Studio Solution File, Format Version 12.00
# Visual Studio Version 16
VisualStudioVersion = 16.0.29920.165
MinimumVisualStudioVersion = 10.0.40219.1
Project("{8BC9CEB8-8B4A-11D0-8D11-00A0C91BC942}") = "210949한재구", "210949한재구\210949한재구.vcxproj", "{DFF94076-B270-420B-9F5E-B4DBDC42A817}"
EndProject
Global
	GlobalSection(SolutionConfigurationPlatforms) = preSolution
		Debug|x64 = Debug|x64
		Debug|x86 = Debug|x86
		Release|x64 = Release|x64
		Release|x86 = Release|x86
	EndGlobalSection
	GlobalSection(ProjectConfigurationPlatforms) = postSolution
		{DFF94076-B270-420B-9F5E-B4DBDC42A817}.Debug|x64.ActiveCfg = Debug|x64
		{DFF94076-B270-420B-9F5E-B4DBDC42A817}.Debug|x64.Build.0 = Debug|x64
		{DFF94076-B270-420B-9F5E-B4DBDC42A817}.Debug|x86.ActiveCfg = Debug|Win32
		{DFF94076-B270-420B-9F5E-B4DBDC42A817}.Debug|x86.Build.0 = Debug|Win32
		{DFF94076-B270-420B-9F5E-B4DBDC42A817}.Release|x64.ActiveCfg = Release|x64
		{DFF94076-B270-420B-9F5E-B4DBDC42A817}.Release|x64.Build.0 = Release|x64
		{DFF94076-B270-420B-9F5E-B4DBDC42A817}.Release|x86.ActiveCfg = Release|Win32
		{DFF94076-B270-420B-9F5E-B4DBDC42A817}.Release|x86.Build.0 = Release|Win32
	EndGlobalSection
	GlobalSection(SolutionProperties) = preSolution
		HideSolutionNode = FALSE
	EndGlobalSection
	GlobalSection(ExtensibilityGlobals) = postSolution
		SolutionGuid = {234C3AAA-1739-457B-ABC9-F4A259E0188F}
	EndGlobalSection
EndGlobal
